
Microsoft Visual Studio Solution File, Format Version 12.00
# Visual Studio Version 16
VisualStudioVersion = 16.0.29920.165
MinimumVisualStudioVersion = 10.0.40219.1
Project("{FAE04EC0-301F-11D3-BF4B-00C04F79EFBC}") = "VanDamHuisAgendaReporterLogic", "VanDamHuisAgendaReporterLogic\VanDamHuisAgendaReporterLogic.csproj", "{82F6A2AE-079B-4552-AA90-48717F77C578}"
EndProject
Project("{FAE04EC0-301F-11D3-BF4B-00C04F79EFBC}") = "VanDamHuisAgendaReporter", "VanDamHuisAgendaReporter\VanDamHuisAgendaReporter.csproj", "{ABA7E561-5B5A-4BA9-8A93-D8FEE4CC7247}"
EndProject
Project("{FAE04EC0-301F-11D3-BF4B-00C04F79EFBC}") = "VanDamHuisNieuwsbriefGenerator", "VanDamHuisNieuwsbrief\VanDamHuisNieuwsbriefGenerator.csproj", "{218A8935-E412-48F6-93D4-E65F8EB8BC22}"
EndProject
Project("{FAE04EC0-301F-11D3-BF4B-00C04F79EFBC}") = "VanDamHuisAgendaLogic", "VanDamHuisAgendaLogic\VanDamHuisAgendaLogic.csproj", "{61CA03D1-B65E-46CC-A1C5-F6CA4EFA0193}"
EndProject
Global
	GlobalSection(SolutionConfigurationPlatforms) = preSolution
		Debug|Any CPU = Debug|Any CPU
		Release|Any CPU = Release|Any CPU
	EndGlobalSection
	GlobalSection(ProjectConfigurationPlatforms) = postSolution
		{82F6A2AE-079B-4552-AA90-48717F77C578}.Debug|Any CPU.ActiveCfg = Debug|Any CPU
		{82F6A2AE-079B-4552-AA90-48717F77C578}.Debug|Any CPU.Build.0 = Debug|Any CPU
		{82F6A2AE-079B-4552-AA90-48717F77C578}.Release|Any CPU.ActiveCfg = Release|Any CPU
		{82F6A2AE-079B-4552-AA90-48717F77C578}.Release|Any CPU.Build.0 = Release|Any CPU
		{ABA7E561-5B5A-4BA9-8A93-D8FEE4CC7247}.Debug|Any CPU.ActiveCfg = Debug|Any CPU
		{ABA7E561-5B5A-4BA9-8A93-D8FEE4CC7247}.Debug|Any CPU.Build.0 = Debug|Any CPU
		{ABA7E561-5B5A-4BA9-8A93-D8FEE4CC7247}.Release|Any CPU.ActiveCfg = Release|Any CPU
		{ABA7E561-5B5A-4BA9-8A93-D8FEE4CC7247}.Release|Any CPU.Build.0 = Release|Any CPU
		{218A8935-E412-48F6-93D4-E65F8EB8BC22}.Debug|Any CPU.ActiveCfg = Debug|Any CPU
		{218A8935-E412-48F6-93D4-E65F8EB8BC22}.Debug|Any CPU.Build.0 = Debug|Any CPU
		{218A8935-E412-48F6-93D4-E65F8EB8BC22}.Release|Any CPU.ActiveCfg = Release|Any CPU
		{218A8935-E412-48F6-93D4-E65F8EB8BC22}.Release|Any CPU.Build.0 = Release|Any CPU
		{61CA03D1-B65E-46CC-A1C5-F6CA4EFA0193}.Debug|Any CPU.ActiveCfg = Debug|Any CPU
		{61CA03D1-B65E-46CC-A1C5-F6CA4EFA0193}.Debug|Any CPU.Build.0 = Debug|Any CPU
		{61CA03D1-B65E-46CC-A1C5-F6CA4EFA0193}.Release|Any CPU.ActiveCfg = Release|Any CPU
		{61CA03D1-B65E-46CC-A1C5-F6CA4EFA0193}.Release|Any CPU.Build.0 = Release|Any CPU
	EndGlobalSection
	GlobalSection(SolutionProperties) = preSolution
		HideSolutionNode = FALSE
	EndGlobalSection
	GlobalSection(ExtensibilityGlobals) = postSolution
		SolutionGuid = {10AC6988-6800-40E3-B754-33FC4E9122DC}
	EndGlobalSection
EndGlobal
